<?xml version="1.0" encoding="utf-8"?>
<Project ToolsVersion="4.0" xmlns="http://schemas.microsoft.com/developer/msbuild/2003">
  <ItemGroup>
    <Filter Include="Windows">
      <UniqueIdentifier>{5032B729-BC11-36C5-C529-C19B31889C26}</UniqueIdentifier>
    </Filter>
  </ItemGroup>
  <ItemGroup>
    <ClInclude Include="EditorCamera.h" />
    <ClInclude Include="EditorLayer.h" />
    <ClInclude Include="ProjectLayer.h" />
    <ClInclude Include="RBEditor.h" />
    <ClInclude Include="Windows\ContentBrowser.h">
      <Filter>Windows</Filter>
    </ClInclude>
    <ClInclude Include="Windows\Hierarchy.h">
      <Filter>Windows</Filter>
    </ClInclude>
    <ClInclude Include="Windows\Inspector.h">
      <Filter>Windows</Filter>
    </ClInclude>
    <ClInclude Include="Windows\Viewport.h">
      <Filter>Windows</Filter>
    </ClInclude>
  </ItemGroup>
  <ItemGroup>
    <ClCompile Include="EditorCamera.cpp" />
    <ClCompile Include="EditorLayer.cpp" />
    <ClCompile Include="ProjectLayer.cpp" />
    <ClCompile Include="RBEditor.cpp" />
    <ClCompile Include="Windows\ContentBrowser.cpp">
      <Filter>Windows</Filter>
    </ClCompile>
    <ClCompile Include="Windows\Hierarchy.cpp">
      <Filter>Windows</Filter>
    </ClCompile>
    <ClCompile Include="Windows\Inspector.cpp">
      <Filter>Windows</Filter>
    </ClCompile>
    <ClCompile Include="Windows\Viewport.cpp">
      <Filter>Windows</Filter>
    </ClCompile>
  </ItemGroup>
</Project>